
Microsoft Visual Studio Solution File, Format Version 11.00
# Visual Studio 2010
Project("{FAE04EC0-301F-11D3-BF4B-00C04F79EFBC}") = "FrameWork", "FrameWork.csproj", "{D5C98F3A-D5D2-4AED-A5A7-06D2DE095095}"
EndProject
Global
	GlobalSection(SolutionConfigurationPlatforms) = preSolution
		Debug|Any CPU = Debug|Any CPU
		Release|Any CPU = Release|Any CPU
	EndGlobalSection
	GlobalSection(ProjectConfigurationPlatforms) = postSolution
		{D5C98F3A-D5D2-4AED-A5A7-06D2DE095095}.Debug|Any CPU.ActiveCfg = Debug|Any CPU
		{D5C98F3A-D5D2-4AED-A5A7-06D2DE095095}.Debug|Any CPU.Build.0 = Debug|Any CPU
		{D5C98F3A-D5D2-4AED-A5A7-06D2DE095095}.Release|Any CPU.ActiveCfg = Release|Any CPU
		{D5C98F3A-D5D2-4AED-A5A7-06D2DE095095}.Release|Any CPU.Build.0 = Release|Any CPU
	EndGlobalSection
	GlobalSection(SolutionProperties) = preSolution
		HideSolutionNode = FALSE
	EndGlobalSection
EndGlobal
